
Microsoft Visual Studio Solution File, Format Version 12.00
# Visual Studio 15
Project("{FAE04EC0-301F-11D3-BF4B-00C04F79EFBC}") = "Unity.Timeline", "Unity.Timeline.csproj", "{E089F4C5-850C-4EAA-47EB-125F632D6077}"
EndProject
Project("{FAE04EC0-301F-11D3-BF4B-00C04F79EFBC}") = "Unity.Timeline.Editor", "Unity.Timeline.Editor.csproj", "{9FD3510C-E134-2912-F72B-199CD6692443}"
EndProject
Project("{FAE04EC0-301F-11D3-BF4B-00C04F79EFBC}") = "Unity.TextMeshPro.Editor", "Unity.TextMeshPro.Editor.csproj", "{7AB10CC4-6191-7E63-96B8-DE9CC106A85B}"
EndProject
Project("{FAE04EC0-301F-11D3-BF4B-00C04F79EFBC}") = "Unity.VisualScripting.Flow", "Unity.VisualScripting.Flow.csproj", "{5EE24194-F099-8D51-A769-156252A117A3}"
EndProject
Project("{FAE04EC0-301F-11D3-BF4B-00C04F79EFBC}") = "UnityEditor.UI", "UnityEditor.UI.csproj", "{D83038F7-B9AC-2C39-0079-3EA215CCB4BF}"
EndProject
Project("{FAE04EC0-301F-11D3-BF4B-00C04F79EFBC}") = "Unity.PlasticSCM.Editor", "Unity.PlasticSCM.Editor.csproj", "{11FB17E4-15BE-3EC8-B99F-38F6845B1EF1}"
EndProject
Project("{FAE04EC0-301F-11D3-BF4B-00C04F79EFBC}") = "Unity.VisualScripting.Core", "Unity.VisualScripting.Core.csproj", "{87A74F3B-9D69-CD71-197A-52B0695B3979}"
EndProject
Project("{FAE04EC0-301F-11D3-BF4B-00C04F79EFBC}") = "Unity.VisualScripting.Core.Editor", "Unity.VisualScripting.Core.Editor.csproj", "{69A02EFD-2573-3EB8-9F60-962BBF93D6B0}"
EndProject
Project("{FAE04EC0-301F-11D3-BF4B-00C04F79EFBC}") = "Unity.VisualScripting.Flow.Editor", "Unity.VisualScripting.Flow.Editor.csproj", "{AB925070-51CC-6288-8BB2-24D075B0F34F}"
EndProject
Project("{FAE04EC0-301F-11D3-BF4B-00C04F79EFBC}") = "Assembly-CSharp", "Assembly-CSharp.csproj", "{A8C9E8FF-AA68-9A7E-87CB-9F5121AF79DB}"
EndProject
Project("{FAE04EC0-301F-11D3-BF4B-00C04F79EFBC}") = "UnityEditor.TestRunner", "UnityEditor.TestRunner.csproj", "{8347D4DA-4193-80AA-4DA9-CE1DD38E866F}"
EndProject
Project("{FAE04EC0-301F-11D3-BF4B-00C04F79EFBC}") = "Unity.VisualScripting.SettingsProvider.Editor", "Unity.VisualScripting.SettingsProvider.Editor.csproj", "{64DC2A38-5906-4407-E4E1-3EDD48A166EC}"
EndProject
Project("{FAE04EC0-301F-11D3-BF4B-00C04F79EFBC}") = "UnityEngine.TestRunner", "UnityEngine.TestRunner.csproj", "{230DA541-E423-0EC8-8F9E-5DF04FCB5716}"
EndProject
Project("{FAE04EC0-301F-11D3-BF4B-00C04F79EFBC}") = "UnityEngine.UI", "UnityEngine.UI.csproj", "{41DEFEFD-8E5A-CA3C-EC86-B35D8A9A874B}"
EndProject
Project("{FAE04EC0-301F-11D3-BF4B-00C04F79EFBC}") = "Unity.VisualStudio.Editor", "Unity.VisualStudio.Editor.csproj", "{6781580E-678B-1C98-BB56-529DC9BBB1BC}"
EndProject
Project("{FAE04EC0-301F-11D3-BF4B-00C04F79EFBC}") = "Unity.TestTools.CodeCoverage.Editor.OpenCover.Model", "Unity.TestTools.CodeCoverage.Editor.OpenCover.Model.csproj", "{E97BED22-C808-0480-5992-AE3AC4A49BFC}"
EndProject
Project("{FAE04EC0-301F-11D3-BF4B-00C04F79EFBC}") = "Unity.Rider.Editor", "Unity.Rider.Editor.csproj", "{A731486D-7AF0-1358-1964-07427544978D}"
EndProject
Project("{FAE04EC0-301F-11D3-BF4B-00C04F79EFBC}") = "Unity.VisualScripting.State.Editor", "Unity.VisualScripting.State.Editor.csproj", "{64A7743E-DAC1-9448-8D93-B8E002AF31E7}"
EndProject
Project("{FAE04EC0-301F-11D3-BF4B-00C04F79EFBC}") = "Unity.TestTools.CodeCoverage.Editor", "Unity.TestTools.CodeCoverage.Editor.csproj", "{0D8B5C4F-022D-2DEC-3062-5B7F72EAEFA4}"
EndProject
Project("{FAE04EC0-301F-11D3-BF4B-00C04F79EFBC}") = "Assembly-CSharp-Editor", "Assembly-CSharp-Editor.csproj", "{7742A5BC-D525-F6CF-64EC-81F8BCFD73F1}"
EndProject
Project("{FAE04EC0-301F-11D3-BF4B-00C04F79EFBC}") = "Unity.VisualScripting.State", "Unity.VisualScripting.State.csproj", "{6D11C1F1-C739-E477-7B7B-7EFE1D234C99}"
EndProject
Project("{FAE04EC0-301F-11D3-BF4B-00C04F79EFBC}") = "Unity.TextMeshPro", "Unity.TextMeshPro.csproj", "{57715A61-415F-CF37-8A39-55C23F9791FC}"
EndProject
Project("{FAE04EC0-301F-11D3-BF4B-00C04F79EFBC}") = "Unity.Performance.Profile-Analyzer.Editor", "Unity.Performance.Profile-Analyzer.Editor.csproj", "{240FD9F9-958D-C154-317B-CA825A19638A}"
EndProject
Project("{FAE04EC0-301F-11D3-BF4B-00C04F79EFBC}") = "Unity.VSCode.Editor", "Unity.VSCode.Editor.csproj", "{D85F34E2-63AD-FC98-F8DC-FB0A13F64BD6}"
EndProject
Project("{FAE04EC0-301F-11D3-BF4B-00C04F79EFBC}") = "Unity.TestTools.CodeCoverage.Editor.OpenCover.Mono.Reflection", "Unity.TestTools.CodeCoverage.Editor.OpenCover.Mono.Reflection.csproj", "{718F8D4E-86BA-5552-4B3C-E7381D8EFEB2}"
EndProject
Project("{FAE04EC0-301F-11D3-BF4B-00C04F79EFBC}") = "Unity.Settings.Editor", "Unity.Settings.Editor.csproj", "{0A08ADD2-7844-AC4C-8A16-07191A84A033}"
EndProject
Project("{FAE04EC0-301F-11D3-BF4B-00C04F79EFBC}") = "Unity.EditorCoroutines.Editor", "Unity.EditorCoroutines.Editor.csproj", "{FB776C54-8B6A-ED8C-FE25-BA4C983B04AD}"
EndProject
Project("{FAE04EC0-301F-11D3-BF4B-00C04F79EFBC}") = "Unity.VisualScripting.Shared.Editor", "Unity.VisualScripting.Shared.Editor.csproj", "{72E4C4B5-DD7D-C18E-B324-285EE0A3D15F}"
EndProject
Project("{FAE04EC0-301F-11D3-BF4B-00C04F79EFBC}") = "Unity.CollabProxy.Editor", "Unity.CollabProxy.Editor.csproj", "{1C79C650-496B-9E31-CB4A-D22D752B3B2B}"
EndProject
Project("{FAE04EC0-301F-11D3-BF4B-00C04F79EFBC}") = "Unity.Timeline", "Unity.Timeline.Player.csproj", "{09DBF797-5A3E-3942-8EA4-3FDA6D3531B4}"
EndProject
Project("{FAE04EC0-301F-11D3-BF4B-00C04F79EFBC}") = "Unity.VisualScripting.Flow", "Unity.VisualScripting.Flow.Player.csproj", "{6FBF635D-F3DA-8300-BADD-E6DC94F30513}"
EndProject
Project("{FAE04EC0-301F-11D3-BF4B-00C04F79EFBC}") = "Unity.VisualScripting.Core", "Unity.VisualScripting.Core.Player.csproj", "{0532C8B2-BF4B-348E-B443-219A60A6CEC3}"
EndProject
Project("{FAE04EC0-301F-11D3-BF4B-00C04F79EFBC}") = "Assembly-CSharp", "Assembly-CSharp.Player.csproj", "{A79661DB-B8CD-E328-C04F-FBC370F11211}"
EndProject
Project("{FAE04EC0-301F-11D3-BF4B-00C04F79EFBC}") = "UnityEngine.TestRunner", "UnityEngine.TestRunner.Player.csproj", "{9E5B0CAF-649C-00A3-D1F9-4FFE3EF12269}"
EndProject
Project("{FAE04EC0-301F-11D3-BF4B-00C04F79EFBC}") = "UnityEngine.UI", "UnityEngine.UI.Player.csproj", "{A3AFF972-EFD0-6D0F-7F5E-F7AA59A1B46A}"
EndProject
Project("{FAE04EC0-301F-11D3-BF4B-00C04F79EFBC}") = "Unity.VisualScripting.State", "Unity.VisualScripting.State.Player.csproj", "{F5436650-F8D4-13EE-A93D-5EBFE6BB0F9B}"
EndProject
Project("{FAE04EC0-301F-11D3-BF4B-00C04F79EFBC}") = "Unity.TextMeshPro", "Unity.TextMeshPro.Player.csproj", "{A81085AA-88D5-524E-9F57-052DE7A2B526}"
EndProject
Global
	GlobalSection(SolutionConfigurationPlatforms) = preSolution
		Debug|Any CPU = Debug|Any CPU
		Release|Any CPU = Release|Any CPU
	EndGlobalSection
	GlobalSection(ProjectConfigurationPlatforms) = postSolution
		{E089F4C5-850C-4EAA-47EB-125F632D6077}.Debug|Any CPU.ActiveCfg = Debug|Any CPU
		{E089F4C5-850C-4EAA-47EB-125F632D6077}.Debug|Any CPU.Build.0 = Debug|Any CPU
		{E089F4C5-850C-4EAA-47EB-125F632D6077}.Release|Any CPU.ActiveCfg = Release|Any CPU
		{E089F4C5-850C-4EAA-47EB-125F632D6077}.Release|Any CPU.Build.0 = Release|Any CPU
		{9FD3510C-E134-2912-F72B-199CD6692443}.Debug|Any CPU.ActiveCfg = Debug|Any CPU
		{9FD3510C-E134-2912-F72B-199CD6692443}.Debug|Any CPU.Build.0 = Debug|Any CPU
		{9FD3510C-E134-2912-F72B-199CD6692443}.Release|Any CPU.ActiveCfg = Release|Any CPU
		{9FD3510C-E134-2912-F72B-199CD6692443}.Release|Any CPU.Build.0 = Release|Any CPU
		{7AB10CC4-6191-7E63-96B8-DE9CC106A85B}.Debug|Any CPU.ActiveCfg = Debug|Any CPU
		{7AB10CC4-6191-7E63-96B8-DE9CC106A85B}.Debug|Any CPU.Build.0 = Debug|Any CPU
		{7AB10CC4-6191-7E63-96B8-DE9CC106A85B}.Release|Any CPU.ActiveCfg = Release|Any CPU
		{7AB10CC4-6191-7E63-96B8-DE9CC106A85B}.Release|Any CPU.Build.0 = Release|Any CPU
		{5EE24194-F099-8D51-A769-156252A117A3}.Debug|Any CPU.ActiveCfg = Debug|Any CPU
		{5EE24194-F099-8D51-A769-156252A117A3}.Debug|Any CPU.Build.0 = Debug|Any CPU
		{5EE24194-F099-8D51-A769-156252A117A3}.Release|Any CPU.ActiveCfg = Release|Any CPU
		{5EE24194-F099-8D51-A769-156252A117A3}.Release|Any CPU.Build.0 = Release|Any CPU
		{D83038F7-B9AC-2C39-0079-3EA215CCB4BF}.Debug|Any CPU.ActiveCfg = Debug|Any CPU
		{D83038F7-B9AC-2C39-0079-3EA215CCB4BF}.Debug|Any CPU.Build.0 = Debug|Any CPU
		{D83038F7-B9AC-2C39-0079-3EA215CCB4BF}.Release|Any CPU.ActiveCfg = Release|Any CPU
		{D83038F7-B9AC-2C39-0079-3EA215CCB4BF}.Release|Any CPU.Build.0 = Release|Any CPU
		{11FB17E4-15BE-3EC8-B99F-38F6845B1EF1}.Debug|Any CPU.ActiveCfg = Debug|Any CPU
		{11FB17E4-15BE-3EC8-B99F-38F6845B1EF1}.Debug|Any CPU.Build.0 = Debug|Any CPU
		{11FB17E4-15BE-3EC8-B99F-38F6845B1EF1}.Release|Any CPU.ActiveCfg = Release|Any CPU
		{11FB17E4-15BE-3EC8-B99F-38F6845B1EF1}.Release|Any CPU.Build.0 = Release|Any CPU
		{87A74F3B-9D69-CD71-197A-52B0695B3979}.Debug|Any CPU.ActiveCfg = Debug|Any CPU
		{87A74F3B-9D69-CD71-197A-52B0695B3979}.Debug|Any CPU.Build.0 = Debug|Any CPU
		{87A74F3B-9D69-CD71-197A-52B0695B3979}.Release|Any CPU.ActiveCfg = Release|Any CPU
		{87A74F3B-9D69-CD71-197A-52B0695B3979}.Release|Any CPU.Build.0 = Release|Any CPU
		{69A02EFD-2573-3EB8-9F60-962BBF93D6B0}.Debug|Any CPU.ActiveCfg = Debug|Any CPU
		{69A02EFD-2573-3EB8-9F60-962BBF93D6B0}.Debug|Any CPU.Build.0 = Debug|Any CPU
		{69A02EFD-2573-3EB8-9F60-962BBF93D6B0}.Release|Any CPU.ActiveCfg = Release|Any CPU
		{69A02EFD-2573-3EB8-9F60-962BBF93D6B0}.Release|Any CPU.Build.0 = Release|Any CPU
		{AB925070-51CC-6288-8BB2-24D075B0F34F}.Debug|Any CPU.ActiveCfg = Debug|Any CPU
		{AB925070-51CC-6288-8BB2-24D075B0F34F}.Debug|Any CPU.Build.0 = Debug|Any CPU
		{AB925070-51CC-6288-8BB2-24D075B0F34F}.Release|Any CPU.ActiveCfg = Release|Any CPU
		{AB925070-51CC-6288-8BB2-24D075B0F34F}.Release|Any CPU.Build.0 = Release|Any CPU
		{A8C9E8FF-AA68-9A7E-87CB-9F5121AF79DB}.Debug|Any CPU.ActiveCfg = Debug|Any CPU
		{A8C9E8FF-AA68-9A7E-87CB-9F5121AF79DB}.Debug|Any CPU.Build.0 = Debug|Any CPU
		{A8C9E8FF-AA68-9A7E-87CB-9F5121AF79DB}.Release|Any CPU.ActiveCfg = Release|Any CPU
		{A8C9E8FF-AA68-9A7E-87CB-9F5121AF79DB}.Release|Any CPU.Build.0 = Release|Any CPU
		{8347D4DA-4193-80AA-4DA9-CE1DD38E866F}.Debug|Any CPU.ActiveCfg = Debug|Any CPU
		{8347D4DA-4193-80AA-4DA9-CE1DD38E866F}.Debug|Any CPU.Build.0 = Debug|Any CPU
		{8347D4DA-4193-80AA-4DA9-CE1DD38E866F}.Release|Any CPU.ActiveCfg = Release|Any CPU
		{8347D4DA-4193-80AA-4DA9-CE1DD38E866F}.Release|Any CPU.Build.0 = Release|Any CPU
		{64DC2A38-5906-4407-E4E1-3EDD48A166EC}.Debug|Any CPU.ActiveCfg = Debug|Any CPU
		{64DC2A38-5906-4407-E4E1-3EDD48A166EC}.Debug|Any CPU.Build.0 = Debug|Any CPU
		{64DC2A38-5906-4407-E4E1-3EDD48A166EC}.Release|Any CPU.ActiveCfg = Release|Any CPU
		{64DC2A38-5906-4407-E4E1-3EDD48A166EC}.Release|Any CPU.Build.0 = Release|Any CPU
		{230DA541-E423-0EC8-8F9E-5DF04FCB5716}.Debug|Any CPU.ActiveCfg = Debug|Any CPU
		{230DA541-E423-0EC8-8F9E-5DF04FCB5716}.Debug|Any CPU.Build.0 = Debug|Any CPU
		{230DA541-E423-0EC8-8F9E-5DF04FCB5716}.Release|Any CPU.ActiveCfg = Release|Any CPU
		{230DA541-E423-0EC8-8F9E-5DF04FCB5716}.Release|Any CPU.Build.0 = Release|Any CPU
		{41DEFEFD-8E5A-CA3C-EC86-B35D8A9A874B}.Debug|Any CPU.ActiveCfg = Debug|Any CPU
		{41DEFEFD-8E5A-CA3C-EC86-B35D8A9A874B}.Debug|Any CPU.Build.0 = Debug|Any CPU
		{41DEFEFD-8E5A-CA3C-EC86-B35D8A9A874B}.Release|Any CPU.ActiveCfg = Release|Any CPU
		{41DEFEFD-8E5A-CA3C-EC86-B35D8A9A874B}.Release|Any CPU.Build.0 = Release|Any CPU
		{6781580E-678B-1C98-BB56-529DC9BBB1BC}.Debug|Any CPU.ActiveCfg = Debug|Any CPU
		{6781580E-678B-1C98-BB56-529DC9BBB1BC}.Debug|Any CPU.Build.0 = Debug|Any CPU
		{6781580E-678B-1C98-BB56-529DC9BBB1BC}.Release|Any CPU.ActiveCfg = Release|Any CPU
		{6781580E-678B-1C98-BB56-529DC9BBB1BC}.Release|Any CPU.Build.0 = Release|Any CPU
		{E97BED22-C808-0480-5992-AE3AC4A49BFC}.Debug|Any CPU.ActiveCfg = Debug|Any CPU
		{E97BED22-C808-0480-5992-AE3AC4A49BFC}.Debug|Any CPU.Build.0 = Debug|Any CPU
		{E97BED22-C808-0480-5992-AE3AC4A49BFC}.Release|Any CPU.ActiveCfg = Release|Any CPU
		{E97BED22-C808-0480-5992-AE3AC4A49BFC}.Release|Any CPU.Build.0 = Release|Any CPU
		{A731486D-7AF0-1358-1964-07427544978D}.Debug|Any CPU.ActiveCfg = Debug|Any CPU
		{A731486D-7AF0-1358-1964-07427544978D}.Debug|Any CPU.Build.0 = Debug|Any CPU
		{A731486D-7AF0-1358-1964-07427544978D}.Release|Any CPU.ActiveCfg = Release|Any CPU
		{A731486D-7AF0-1358-1964-07427544978D}.Release|Any CPU.Build.0 = Release|Any CPU
		{64A7743E-DAC1-9448-8D93-B8E002AF31E7}.Debug|Any CPU.ActiveCfg = Debug|Any CPU
		{64A7743E-DAC1-9448-8D93-B8E002AF31E7}.Debug|Any CPU.Build.0 = Debug|Any CPU
		{64A7743E-DAC1-9448-8D93-B8E002AF31E7}.Release|Any CPU.ActiveCfg = Release|Any CPU
		{64A7743E-DAC1-9448-8D93-B8E002AF31E7}.Release|Any CPU.Build.0 = Release|Any CPU
		{0D8B5C4F-022D-2DEC-3062-5B7F72EAEFA4}.Debug|Any CPU.ActiveCfg = Debug|Any CPU
		{0D8B5C4F-022D-2DEC-3062-5B7F72EAEFA4}.Debug|Any CPU.Build.0 = Debug|Any CPU
		{0D8B5C4F-022D-2DEC-3062-5B7F72EAEFA4}.Release|Any CPU.ActiveCfg = Release|Any CPU
		{0D8B5C4F-022D-2DEC-3062-5B7F72EAEFA4}.Release|Any CPU.Build.0 = Release|Any CPU
		{7742A5BC-D525-F6CF-64EC-81F8BCFD73F1}.Debug|Any CPU.ActiveCfg = Debug|Any CPU
		{7742A5BC-D525-F6CF-64EC-81F8BCFD73F1}.Debug|Any CPU.Build.0 = Debug|Any CPU
		{7742A5BC-D525-F6CF-64EC-81F8BCFD73F1}.Release|Any CPU.ActiveCfg = Release|Any CPU
		{7742A5BC-D525-F6CF-64EC-81F8BCFD73F1}.Release|Any CPU.Build.0 = Release|Any CPU
		{6D11C1F1-C739-E477-7B7B-7EFE1D234C99}.Debug|Any CPU.ActiveCfg = Debug|Any CPU
		{6D11C1F1-C739-E477-7B7B-7EFE1D234C99}.Debug|Any CPU.Build.0 = Debug|Any CPU
		{6D11C1F1-C739-E477-7B7B-7EFE1D234C99}.Release|Any CPU.ActiveCfg = Release|Any CPU
		{6D11C1F1-C739-E477-7B7B-7EFE1D234C99}.Release|Any CPU.Build.0 = Release|Any CPU
		{57715A61-415F-CF37-8A39-55C23F9791FC}.Debug|Any CPU.ActiveCfg = Debug|Any CPU
		{57715A61-415F-CF37-8A39-55C23F9791FC}.Debug|Any CPU.Build.0 = Debug|Any CPU
		{57715A61-415F-CF37-8A39-55C23F9791FC}.Release|Any CPU.ActiveCfg = Release|Any CPU
		{57715A61-415F-CF37-8A39-55C23F9791FC}.Release|Any CPU.Build.0 = Release|Any CPU
		{240FD9F9-958D-C154-317B-CA825A19638A}.Debug|Any CPU.ActiveCfg = Debug|Any CPU
		{240FD9F9-958D-C154-317B-CA825A19638A}.Debug|Any CPU.Build.0 = Debug|Any CPU
		{240FD9F9-958D-C154-317B-CA825A19638A}.Release|Any CPU.ActiveCfg = Release|Any CPU
		{240FD9F9-958D-C154-317B-CA825A19638A}.Release|Any CPU.Build.0 = Release|Any CPU
		{D85F34E2-63AD-FC98-F8DC-FB0A13F64BD6}.Debug|Any CPU.ActiveCfg = Debug|Any CPU
		{D85F34E2-63AD-FC98-F8DC-FB0A13F64BD6}.Debug|Any CPU.Build.0 = Debug|Any CPU
		{D85F34E2-63AD-FC98-F8DC-FB0A13F64BD6}.Release|Any CPU.ActiveCfg = Release|Any CPU
		{D85F34E2-63AD-FC98-F8DC-FB0A13F64BD6}.Release|Any CPU.Build.0 = Release|Any CPU
		{718F8D4E-86BA-5552-4B3C-E7381D8EFEB2}.Debug|Any CPU.ActiveCfg = Debug|Any CPU
		{718F8D4E-86BA-5552-4B3C-E7381D8EFEB2}.Debug|Any CPU.Build.0 = Debug|Any CPU
		{718F8D4E-86BA-5552-4B3C-E7381D8EFEB2}.Release|Any CPU.ActiveCfg = Release|Any CPU
		{718F8D4E-86BA-5552-4B3C-E7381D8EFEB2}.Release|Any CPU.Build.0 = Release|Any CPU
		{0A08ADD2-7844-AC4C-8A16-07191A84A033}.Debug|Any CPU.ActiveCfg = Debug|Any CPU
		{0A08ADD2-7844-AC4C-8A16-07191A84A033}.Debug|Any CPU.Build.0 = Debug|Any CPU
		{0A08ADD2-7844-AC4C-8A16-07191A84A033}.Release|Any CPU.ActiveCfg = Release|Any CPU
		{0A08ADD2-7844-AC4C-8A16-07191A84A033}.Release|Any CPU.Build.0 = Release|Any CPU
		{FB776C54-8B6A-ED8C-FE25-BA4C983B04AD}.Debug|Any CPU.ActiveCfg = Debug|Any CPU
		{FB776C54-8B6A-ED8C-FE25-BA4C983B04AD}.Debug|Any CPU.Build.0 = Debug|Any CPU
		{FB776C54-8B6A-ED8C-FE25-BA4C983B04AD}.Release|Any CPU.ActiveCfg = Release|Any CPU
		{FB776C54-8B6A-ED8C-FE25-BA4C983B04AD}.Release|Any CPU.Build.0 = Release|Any CPU
		{72E4C4B5-DD7D-C18E-B324-285EE0A3D15F}.Debug|Any CPU.ActiveCfg = Debug|Any CPU
		{72E4C4B5-DD7D-C18E-B324-285EE0A3D15F}.Debug|Any CPU.Build.0 = Debug|Any CPU
		{72E4C4B5-DD7D-C18E-B324-285EE0A3D15F}.Release|Any CPU.ActiveCfg = Release|Any CPU
		{72E4C4B5-DD7D-C18E-B324-285EE0A3D15F}.Release|Any CPU.Build.0 = Release|Any CPU
		{1C79C650-496B-9E31-CB4A-D22D752B3B2B}.Debug|Any CPU.ActiveCfg = Debug|Any CPU
		{1C79C650-496B-9E31-CB4A-D22D752B3B2B}.Debug|Any CPU.Build.0 = Debug|Any CPU
		{1C79C650-496B-9E31-CB4A-D22D752B3B2B}.Release|Any CPU.ActiveCfg = Release|Any CPU
		{1C79C650-496B-9E31-CB4A-D22D752B3B2B}.Release|Any CPU.Build.0 = Release|Any CPU
		{09DBF797-5A3E-3942-8EA4-3FDA6D3531B4}.Debug|Any CPU.ActiveCfg = Debug|Any CPU
		{09DBF797-5A3E-3942-8EA4-3FDA6D3531B4}.Debug|Any CPU.Build.0 = Debug|Any CPU
		{09DBF797-5A3E-3942-8EA4-3FDA6D3531B4}.Release|Any CPU.ActiveCfg = Release|Any CPU
		{09DBF797-5A3E-3942-8EA4-3FDA6D3531B4}.Release|Any CPU.Build.0 = Release|Any CPU
		{6FBF635D-F3DA-8300-BADD-E6DC94F30513}.Debug|Any CPU.ActiveCfg = Debug|Any CPU
		{6FBF635D-F3DA-8300-BADD-E6DC94F30513}.Debug|Any CPU.Build.0 = Debug|Any CPU
		{6FBF635D-F3DA-8300-BADD-E6DC94F30513}.Release|Any CPU.ActiveCfg = Release|Any CPU
		{6FBF635D-F3DA-8300-BADD-E6DC94F30513}.Release|Any CPU.Build.0 = Release|Any CPU
		{0532C8B2-BF4B-348E-B443-219A60A6CEC3}.Debug|Any CPU.ActiveCfg = Debug|Any CPU
		{0532C8B2-BF4B-348E-B443-219A60A6CEC3}.Debug|Any CPU.Build.0 = Debug|Any CPU
		{0532C8B2-BF4B-348E-B443-219A60A6CEC3}.Release|Any CPU.ActiveCfg = Release|Any CPU
		{0532C8B2-BF4B-348E-B443-219A60A6CEC3}.Release|Any CPU.Build.0 = Release|Any CPU
		{A79661DB-B8CD-E328-C04F-FBC370F11211}.Debug|Any CPU.ActiveCfg = Debug|Any CPU
		{A79661DB-B8CD-E328-C04F-FBC370F11211}.Debug|Any CPU.Build.0 = Debug|Any CPU
		{A79661DB-B8CD-E328-C04F-FBC370F11211}.Release|Any CPU.ActiveCfg = Release|Any CPU
		{A79661DB-B8CD-E328-C04F-FBC370F11211}.Release|Any CPU.Build.0 = Release|Any CPU
		{9E5B0CAF-649C-00A3-D1F9-4FFE3EF12269}.Debug|Any CPU.ActiveCfg = Debug|Any CPU
		{9E5B0CAF-649C-00A3-D1F9-4FFE3EF12269}.Debug|Any CPU.Build.0 = Debug|Any CPU
		{9E5B0CAF-649C-00A3-D1F9-4FFE3EF12269}.Release|Any CPU.ActiveCfg = Release|Any CPU
		{9E5B0CAF-649C-00A3-D1F9-4FFE3EF12269}.Release|Any CPU.Build.0 = Release|Any CPU
		{A3AFF972-EFD0-6D0F-7F5E-F7AA59A1B46A}.Debug|Any CPU.ActiveCfg = Debug|Any CPU
		{A3AFF972-EFD0-6D0F-7F5E-F7AA59A1B46A}.Debug|Any CPU.Build.0 = Debug|Any CPU
		{A3AFF972-EFD0-6D0F-7F5E-F7AA59A1B46A}.Release|Any CPU.ActiveCfg = Release|Any CPU
		{A3AFF972-EFD0-6D0F-7F5E-F7AA59A1B46A}.Release|Any CPU.Build.0 = Release|Any CPU
		{F5436650-F8D4-13EE-A93D-5EBFE6BB0F9B}.Debug|Any CPU.ActiveCfg = Debug|Any CPU
		{F5436650-F8D4-13EE-A93D-5EBFE6BB0F9B}.Debug|Any CPU.Build.0 = Debug|Any CPU
		{F5436650-F8D4-13EE-A93D-5EBFE6BB0F9B}.Release|Any CPU.ActiveCfg = Release|Any CPU
		{F5436650-F8D4-13EE-A93D-5EBFE6BB0F9B}.Release|Any CPU.Build.0 = Release|Any CPU
		{A81085AA-88D5-524E-9F57-052DE7A2B526}.Debug|Any CPU.ActiveCfg = Debug|Any CPU
		{A81085AA-88D5-524E-9F57-052DE7A2B526}.Debug|Any CPU.Build.0 = Debug|Any CPU
		{A81085AA-88D5-524E-9F57-052DE7A2B526}.Release|Any CPU.ActiveCfg = Release|Any CPU
		{A81085AA-88D5-524E-9F57-052DE7A2B526}.Release|Any CPU.Build.0 = Release|Any CPU
	EndGlobalSection
	GlobalSection(SolutionProperties) = preSolution
		HideSolutionNode = FALSE
	EndGlobalSection
EndGlobal
