
Microsoft Visual Studio Solution File, Format Version 12.00
# Visual Studio 15
Project("{FAE04EC0-301F-11D3-BF4B-00C04F79EFBC}") = "Unity.Timeline", "Unity.Timeline.csproj", "{AB6590CB-A617-B4B6-35F9-8B5D99795378}"
EndProject
Project("{FAE04EC0-301F-11D3-BF4B-00C04F79EFBC}") = "Unity.Timeline.Editor", "Unity.Timeline.Editor.csproj", "{D53A09AA-027B-CD68-77D3-E7C92D4FC68C}"
EndProject
Project("{FAE04EC0-301F-11D3-BF4B-00C04F79EFBC}") = "Unity.TextMeshPro.Editor", "Unity.TextMeshPro.Editor.csproj", "{C164726E-F97F-14A5-F21E-B65DF11BE0EC}"
EndProject
Project("{FAE04EC0-301F-11D3-BF4B-00C04F79EFBC}") = "Unity.VisualScripting.Flow", "Unity.VisualScripting.Flow.csproj", "{4AD243CC-5E30-4E14-B797-A98DE655DD02}"
EndProject
Project("{FAE04EC0-301F-11D3-BF4B-00C04F79EFBC}") = "UnityEditor.UI", "UnityEditor.UI.csproj", "{B6DA402D-459E-182D-4D47-1E29E681CBA3}"
EndProject
Project("{FAE04EC0-301F-11D3-BF4B-00C04F79EFBC}") = "Unity.PlasticSCM.Editor", "Unity.PlasticSCM.Editor.csproj", "{A8F592B5-B814-04C7-64DF-DE2DFB491AD3}"
EndProject
Project("{FAE04EC0-301F-11D3-BF4B-00C04F79EFBC}") = "Unity.VisualScripting.Core", "Unity.VisualScripting.Core.csproj", "{77401C87-9494-C40A-1154-E7CBC0A24015}"
EndProject
Project("{FAE04EC0-301F-11D3-BF4B-00C04F79EFBC}") = "Unity.VisualScripting.Core.Editor", "Unity.VisualScripting.Core.Editor.csproj", "{FB75C5D7-B50E-6896-9452-5C17D17B8AF8}"
EndProject
Project("{FAE04EC0-301F-11D3-BF4B-00C04F79EFBC}") = "Unity.VisualScripting.Flow.Editor", "Unity.VisualScripting.Flow.Editor.csproj", "{0023961F-5704-B42D-16E6-5876AD716417}"
EndProject
Project("{FAE04EC0-301F-11D3-BF4B-00C04F79EFBC}") = "UnityEditor.TestRunner", "UnityEditor.TestRunner.csproj", "{127A4A55-E209-4F82-91D3-C42AE5D69E6B}"
EndProject
Project("{FAE04EC0-301F-11D3-BF4B-00C04F79EFBC}") = "Assembly-CSharp", "Assembly-CSharp.csproj", "{C6424DC7-DAEA-0376-9227-5CBFE08DFD47}"
EndProject
Project("{FAE04EC0-301F-11D3-BF4B-00C04F79EFBC}") = "Unity.VisualScripting.SettingsProvider.Editor", "Unity.VisualScripting.SettingsProvider.Editor.csproj", "{FBB7F772-7175-DCE5-FC4E-3720A29BCD55}"
EndProject
Project("{FAE04EC0-301F-11D3-BF4B-00C04F79EFBC}") = "UnityEngine.TestRunner", "UnityEngine.TestRunner.csproj", "{0FDF158D-12E0-0640-85F5-67E221DA12AF}"
EndProject
Project("{FAE04EC0-301F-11D3-BF4B-00C04F79EFBC}") = "UnityEngine.UI", "UnityEngine.UI.csproj", "{83BE7B9A-66D0-CEE1-5B2D-995AB8165D79}"
EndProject
Project("{FAE04EC0-301F-11D3-BF4B-00C04F79EFBC}") = "Unity.VisualStudio.Editor", "Unity.VisualStudio.Editor.csproj", "{FD0E2B17-53B9-A675-A178-CAA8CBCCBC44}"
EndProject
Project("{FAE04EC0-301F-11D3-BF4B-00C04F79EFBC}") = "Unity.TestTools.CodeCoverage.Editor.OpenCover.Model", "Unity.TestTools.CodeCoverage.Editor.OpenCover.Model.csproj", "{D309E2D4-8567-AD8E-0CE8-C35177EDEF1D}"
EndProject
Project("{FAE04EC0-301F-11D3-BF4B-00C04F79EFBC}") = "Unity.Rider.Editor", "Unity.Rider.Editor.csproj", "{B5397898-A0A8-5D67-88AE-80DAD2D885C9}"
EndProject
Project("{FAE04EC0-301F-11D3-BF4B-00C04F79EFBC}") = "Unity.VisualScripting.State.Editor", "Unity.VisualScripting.State.Editor.csproj", "{8862106B-7C16-6C79-1965-86EF7F22731C}"
EndProject
Project("{FAE04EC0-301F-11D3-BF4B-00C04F79EFBC}") = "Unity.TestTools.CodeCoverage.Editor", "Unity.TestTools.CodeCoverage.Editor.csproj", "{ECFDD1C5-C482-FBF0-FA06-BD8AAFA2BFE7}"
EndProject
Project("{FAE04EC0-301F-11D3-BF4B-00C04F79EFBC}") = "Assembly-CSharp-Editor", "Assembly-CSharp-Editor.csproj", "{8285A79C-886E-5C0D-4A71-7B4FF6292D3F}"
EndProject
Project("{FAE04EC0-301F-11D3-BF4B-00C04F79EFBC}") = "Unity.VisualScripting.State", "Unity.VisualScripting.State.csproj", "{DEC5F3DB-B570-2882-964A-28B9D88B33EA}"
EndProject
Project("{FAE04EC0-301F-11D3-BF4B-00C04F79EFBC}") = "Unity.TextMeshPro", "Unity.TextMeshPro.csproj", "{DE1C4A1E-46B9-8798-0780-6972AF8D3AD4}"
EndProject
Project("{FAE04EC0-301F-11D3-BF4B-00C04F79EFBC}") = "Unity.Performance.Profile-Analyzer.Editor", "Unity.Performance.Profile-Analyzer.Editor.csproj", "{7679CFFF-ECB5-B8E8-6A26-22BC1A37BFD2}"
EndProject
Project("{FAE04EC0-301F-11D3-BF4B-00C04F79EFBC}") = "Unity.VSCode.Editor", "Unity.VSCode.Editor.csproj", "{98D28C90-56F8-96F6-648D-84DD2D7A97DE}"
EndProject
Project("{FAE04EC0-301F-11D3-BF4B-00C04F79EFBC}") = "Unity.TestTools.CodeCoverage.Editor.OpenCover.Mono.Reflection", "Unity.TestTools.CodeCoverage.Editor.OpenCover.Mono.Reflection.csproj", "{8E4F0194-2D8B-A6D5-BB81-E0219DF14A69}"
EndProject
Project("{FAE04EC0-301F-11D3-BF4B-00C04F79EFBC}") = "Unity.Settings.Editor", "Unity.Settings.Editor.csproj", "{B31554C6-4279-C918-4EDA-5AD2ED6F6F22}"
EndProject
Project("{FAE04EC0-301F-11D3-BF4B-00C04F79EFBC}") = "Unity.EditorCoroutines.Editor", "Unity.EditorCoroutines.Editor.csproj", "{7D6E2C26-FF3C-3320-9E8D-634F4DA24433}"
EndProject
Project("{FAE04EC0-301F-11D3-BF4B-00C04F79EFBC}") = "Unity.VisualScripting.Shared.Editor", "Unity.VisualScripting.Shared.Editor.csproj", "{62678F04-79DF-6E57-608B-EA3D0045944B}"
EndProject
Project("{FAE04EC0-301F-11D3-BF4B-00C04F79EFBC}") = "Unity.CollabProxy.Editor", "Unity.CollabProxy.Editor.csproj", "{685E7C02-6A06-319F-F327-CD414CB8AEA6}"
EndProject
Project("{FAE04EC0-301F-11D3-BF4B-00C04F79EFBC}") = "Unity.Timeline", "Unity.Timeline.Player.csproj", "{9F2BE5F4-8642-E639-05E0-C1649F079D2B}"
EndProject
Project("{FAE04EC0-301F-11D3-BF4B-00C04F79EFBC}") = "Unity.VisualScripting.Flow", "Unity.VisualScripting.Flow.Player.csproj", "{CCF39040-416D-1D34-B1FC-71BAACD05396}"
EndProject
Project("{FAE04EC0-301F-11D3-BF4B-00C04F79EFBC}") = "Unity.VisualScripting.Core", "Unity.VisualScripting.Core.Player.csproj", "{A6932EA0-F197-BF75-3C5C-6B148336AB20}"
EndProject
Project("{FAE04EC0-301F-11D3-BF4B-00C04F79EFBC}") = "Assembly-CSharp", "Assembly-CSharp.Player.csproj", "{14783342-1C84-3AC6-942A-52C202C9BE73}"
EndProject
Project("{FAE04EC0-301F-11D3-BF4B-00C04F79EFBC}") = "UnityEngine.TestRunner", "UnityEngine.TestRunner.Player.csproj", "{88AAF144-47A8-DAB1-88EF-C9CDCBA1EF10}"
EndProject
Project("{FAE04EC0-301F-11D3-BF4B-00C04F79EFBC}") = "UnityEngine.UI", "UnityEngine.UI.Player.csproj", "{483A696A-BF3D-60AA-3555-263E9500A61F}"
EndProject
Project("{FAE04EC0-301F-11D3-BF4B-00C04F79EFBC}") = "Unity.VisualScripting.State", "Unity.VisualScripting.State.Player.csproj", "{89CC425C-0A4B-20C0-AEB1-C618F8810157}"
EndProject
Project("{FAE04EC0-301F-11D3-BF4B-00C04F79EFBC}") = "Unity.TextMeshPro", "Unity.TextMeshPro.Player.csproj", "{5446AC55-CFC3-1242-9D1D-D6463B4344B8}"
EndProject
Global
	GlobalSection(SolutionConfigurationPlatforms) = preSolution
		Debug|Any CPU = Debug|Any CPU
		Release|Any CPU = Release|Any CPU
	EndGlobalSection
	GlobalSection(ProjectConfigurationPlatforms) = postSolution
		{AB6590CB-A617-B4B6-35F9-8B5D99795378}.Debug|Any CPU.ActiveCfg = Debug|Any CPU
		{AB6590CB-A617-B4B6-35F9-8B5D99795378}.Debug|Any CPU.Build.0 = Debug|Any CPU
		{AB6590CB-A617-B4B6-35F9-8B5D99795378}.Release|Any CPU.ActiveCfg = Release|Any CPU
		{AB6590CB-A617-B4B6-35F9-8B5D99795378}.Release|Any CPU.Build.0 = Release|Any CPU
		{D53A09AA-027B-CD68-77D3-E7C92D4FC68C}.Debug|Any CPU.ActiveCfg = Debug|Any CPU
		{D53A09AA-027B-CD68-77D3-E7C92D4FC68C}.Debug|Any CPU.Build.0 = Debug|Any CPU
		{D53A09AA-027B-CD68-77D3-E7C92D4FC68C}.Release|Any CPU.ActiveCfg = Release|Any CPU
		{D53A09AA-027B-CD68-77D3-E7C92D4FC68C}.Release|Any CPU.Build.0 = Release|Any CPU
		{C164726E-F97F-14A5-F21E-B65DF11BE0EC}.Debug|Any CPU.ActiveCfg = Debug|Any CPU
		{C164726E-F97F-14A5-F21E-B65DF11BE0EC}.Debug|Any CPU.Build.0 = Debug|Any CPU
		{C164726E-F97F-14A5-F21E-B65DF11BE0EC}.Release|Any CPU.ActiveCfg = Release|Any CPU
		{C164726E-F97F-14A5-F21E-B65DF11BE0EC}.Release|Any CPU.Build.0 = Release|Any CPU
		{4AD243CC-5E30-4E14-B797-A98DE655DD02}.Debug|Any CPU.ActiveCfg = Debug|Any CPU
		{4AD243CC-5E30-4E14-B797-A98DE655DD02}.Debug|Any CPU.Build.0 = Debug|Any CPU
		{4AD243CC-5E30-4E14-B797-A98DE655DD02}.Release|Any CPU.ActiveCfg = Release|Any CPU
		{4AD243CC-5E30-4E14-B797-A98DE655DD02}.Release|Any CPU.Build.0 = Release|Any CPU
		{B6DA402D-459E-182D-4D47-1E29E681CBA3}.Debug|Any CPU.ActiveCfg = Debug|Any CPU
		{B6DA402D-459E-182D-4D47-1E29E681CBA3}.Debug|Any CPU.Build.0 = Debug|Any CPU
		{B6DA402D-459E-182D-4D47-1E29E681CBA3}.Release|Any CPU.ActiveCfg = Release|Any CPU
		{B6DA402D-459E-182D-4D47-1E29E681CBA3}.Release|Any CPU.Build.0 = Release|Any CPU
		{A8F592B5-B814-04C7-64DF-DE2DFB491AD3}.Debug|Any CPU.ActiveCfg = Debug|Any CPU
		{A8F592B5-B814-04C7-64DF-DE2DFB491AD3}.Debug|Any CPU.Build.0 = Debug|Any CPU
		{A8F592B5-B814-04C7-64DF-DE2DFB491AD3}.Release|Any CPU.ActiveCfg = Release|Any CPU
		{A8F592B5-B814-04C7-64DF-DE2DFB491AD3}.Release|Any CPU.Build.0 = Release|Any CPU
		{77401C87-9494-C40A-1154-E7CBC0A24015}.Debug|Any CPU.ActiveCfg = Debug|Any CPU
		{77401C87-9494-C40A-1154-E7CBC0A24015}.Debug|Any CPU.Build.0 = Debug|Any CPU
		{77401C87-9494-C40A-1154-E7CBC0A24015}.Release|Any CPU.ActiveCfg = Release|Any CPU
		{77401C87-9494-C40A-1154-E7CBC0A24015}.Release|Any CPU.Build.0 = Release|Any CPU
		{FB75C5D7-B50E-6896-9452-5C17D17B8AF8}.Debug|Any CPU.ActiveCfg = Debug|Any CPU
		{FB75C5D7-B50E-6896-9452-5C17D17B8AF8}.Debug|Any CPU.Build.0 = Debug|Any CPU
		{FB75C5D7-B50E-6896-9452-5C17D17B8AF8}.Release|Any CPU.ActiveCfg = Release|Any CPU
		{FB75C5D7-B50E-6896-9452-5C17D17B8AF8}.Release|Any CPU.Build.0 = Release|Any CPU
		{0023961F-5704-B42D-16E6-5876AD716417}.Debug|Any CPU.ActiveCfg = Debug|Any CPU
		{0023961F-5704-B42D-16E6-5876AD716417}.Debug|Any CPU.Build.0 = Debug|Any CPU
		{0023961F-5704-B42D-16E6-5876AD716417}.Release|Any CPU.ActiveCfg = Release|Any CPU
		{0023961F-5704-B42D-16E6-5876AD716417}.Release|Any CPU.Build.0 = Release|Any CPU
		{127A4A55-E209-4F82-91D3-C42AE5D69E6B}.Debug|Any CPU.ActiveCfg = Debug|Any CPU
		{127A4A55-E209-4F82-91D3-C42AE5D69E6B}.Debug|Any CPU.Build.0 = Debug|Any CPU
		{127A4A55-E209-4F82-91D3-C42AE5D69E6B}.Release|Any CPU.ActiveCfg = Release|Any CPU
		{127A4A55-E209-4F82-91D3-C42AE5D69E6B}.Release|Any CPU.Build.0 = Release|Any CPU
		{C6424DC7-DAEA-0376-9227-5CBFE08DFD47}.Debug|Any CPU.ActiveCfg = Debug|Any CPU
		{C6424DC7-DAEA-0376-9227-5CBFE08DFD47}.Debug|Any CPU.Build.0 = Debug|Any CPU
		{C6424DC7-DAEA-0376-9227-5CBFE08DFD47}.Release|Any CPU.ActiveCfg = Release|Any CPU
		{C6424DC7-DAEA-0376-9227-5CBFE08DFD47}.Release|Any CPU.Build.0 = Release|Any CPU
		{FBB7F772-7175-DCE5-FC4E-3720A29BCD55}.Debug|Any CPU.ActiveCfg = Debug|Any CPU
		{FBB7F772-7175-DCE5-FC4E-3720A29BCD55}.Debug|Any CPU.Build.0 = Debug|Any CPU
		{FBB7F772-7175-DCE5-FC4E-3720A29BCD55}.Release|Any CPU.ActiveCfg = Release|Any CPU
		{FBB7F772-7175-DCE5-FC4E-3720A29BCD55}.Release|Any CPU.Build.0 = Release|Any CPU
		{0FDF158D-12E0-0640-85F5-67E221DA12AF}.Debug|Any CPU.ActiveCfg = Debug|Any CPU
		{0FDF158D-12E0-0640-85F5-67E221DA12AF}.Debug|Any CPU.Build.0 = Debug|Any CPU
		{0FDF158D-12E0-0640-85F5-67E221DA12AF}.Release|Any CPU.ActiveCfg = Release|Any CPU
		{0FDF158D-12E0-0640-85F5-67E221DA12AF}.Release|Any CPU.Build.0 = Release|Any CPU
		{83BE7B9A-66D0-CEE1-5B2D-995AB8165D79}.Debug|Any CPU.ActiveCfg = Debug|Any CPU
		{83BE7B9A-66D0-CEE1-5B2D-995AB8165D79}.Debug|Any CPU.Build.0 = Debug|Any CPU
		{83BE7B9A-66D0-CEE1-5B2D-995AB8165D79}.Release|Any CPU.ActiveCfg = Release|Any CPU
		{83BE7B9A-66D0-CEE1-5B2D-995AB8165D79}.Release|Any CPU.Build.0 = Release|Any CPU
		{FD0E2B17-53B9-A675-A178-CAA8CBCCBC44}.Debug|Any CPU.ActiveCfg = Debug|Any CPU
		{FD0E2B17-53B9-A675-A178-CAA8CBCCBC44}.Debug|Any CPU.Build.0 = Debug|Any CPU
		{FD0E2B17-53B9-A675-A178-CAA8CBCCBC44}.Release|Any CPU.ActiveCfg = Release|Any CPU
		{FD0E2B17-53B9-A675-A178-CAA8CBCCBC44}.Release|Any CPU.Build.0 = Release|Any CPU
		{D309E2D4-8567-AD8E-0CE8-C35177EDEF1D}.Debug|Any CPU.ActiveCfg = Debug|Any CPU
		{D309E2D4-8567-AD8E-0CE8-C35177EDEF1D}.Debug|Any CPU.Build.0 = Debug|Any CPU
		{D309E2D4-8567-AD8E-0CE8-C35177EDEF1D}.Release|Any CPU.ActiveCfg = Release|Any CPU
		{D309E2D4-8567-AD8E-0CE8-C35177EDEF1D}.Release|Any CPU.Build.0 = Release|Any CPU
		{B5397898-A0A8-5D67-88AE-80DAD2D885C9}.Debug|Any CPU.ActiveCfg = Debug|Any CPU
		{B5397898-A0A8-5D67-88AE-80DAD2D885C9}.Debug|Any CPU.Build.0 = Debug|Any CPU
		{B5397898-A0A8-5D67-88AE-80DAD2D885C9}.Release|Any CPU.ActiveCfg = Release|Any CPU
		{B5397898-A0A8-5D67-88AE-80DAD2D885C9}.Release|Any CPU.Build.0 = Release|Any CPU
		{8862106B-7C16-6C79-1965-86EF7F22731C}.Debug|Any CPU.ActiveCfg = Debug|Any CPU
		{8862106B-7C16-6C79-1965-86EF7F22731C}.Debug|Any CPU.Build.0 = Debug|Any CPU
		{8862106B-7C16-6C79-1965-86EF7F22731C}.Release|Any CPU.ActiveCfg = Release|Any CPU
		{8862106B-7C16-6C79-1965-86EF7F22731C}.Release|Any CPU.Build.0 = Release|Any CPU
		{ECFDD1C5-C482-FBF0-FA06-BD8AAFA2BFE7}.Debug|Any CPU.ActiveCfg = Debug|Any CPU
		{ECFDD1C5-C482-FBF0-FA06-BD8AAFA2BFE7}.Debug|Any CPU.Build.0 = Debug|Any CPU
		{ECFDD1C5-C482-FBF0-FA06-BD8AAFA2BFE7}.Release|Any CPU.ActiveCfg = Release|Any CPU
		{ECFDD1C5-C482-FBF0-FA06-BD8AAFA2BFE7}.Release|Any CPU.Build.0 = Release|Any CPU
		{8285A79C-886E-5C0D-4A71-7B4FF6292D3F}.Debug|Any CPU.ActiveCfg = Debug|Any CPU
		{8285A79C-886E-5C0D-4A71-7B4FF6292D3F}.Debug|Any CPU.Build.0 = Debug|Any CPU
		{8285A79C-886E-5C0D-4A71-7B4FF6292D3F}.Release|Any CPU.ActiveCfg = Release|Any CPU
		{8285A79C-886E-5C0D-4A71-7B4FF6292D3F}.Release|Any CPU.Build.0 = Release|Any CPU
		{DEC5F3DB-B570-2882-964A-28B9D88B33EA}.Debug|Any CPU.ActiveCfg = Debug|Any CPU
		{DEC5F3DB-B570-2882-964A-28B9D88B33EA}.Debug|Any CPU.Build.0 = Debug|Any CPU
		{DEC5F3DB-B570-2882-964A-28B9D88B33EA}.Release|Any CPU.ActiveCfg = Release|Any CPU
		{DEC5F3DB-B570-2882-964A-28B9D88B33EA}.Release|Any CPU.Build.0 = Release|Any CPU
		{DE1C4A1E-46B9-8798-0780-6972AF8D3AD4}.Debug|Any CPU.ActiveCfg = Debug|Any CPU
		{DE1C4A1E-46B9-8798-0780-6972AF8D3AD4}.Debug|Any CPU.Build.0 = Debug|Any CPU
		{DE1C4A1E-46B9-8798-0780-6972AF8D3AD4}.Release|Any CPU.ActiveCfg = Release|Any CPU
		{DE1C4A1E-46B9-8798-0780-6972AF8D3AD4}.Release|Any CPU.Build.0 = Release|Any CPU
		{7679CFFF-ECB5-B8E8-6A26-22BC1A37BFD2}.Debug|Any CPU.ActiveCfg = Debug|Any CPU
		{7679CFFF-ECB5-B8E8-6A26-22BC1A37BFD2}.Debug|Any CPU.Build.0 = Debug|Any CPU
		{7679CFFF-ECB5-B8E8-6A26-22BC1A37BFD2}.Release|Any CPU.ActiveCfg = Release|Any CPU
		{7679CFFF-ECB5-B8E8-6A26-22BC1A37BFD2}.Release|Any CPU.Build.0 = Release|Any CPU
		{98D28C90-56F8-96F6-648D-84DD2D7A97DE}.Debug|Any CPU.ActiveCfg = Debug|Any CPU
		{98D28C90-56F8-96F6-648D-84DD2D7A97DE}.Debug|Any CPU.Build.0 = Debug|Any CPU
		{98D28C90-56F8-96F6-648D-84DD2D7A97DE}.Release|Any CPU.ActiveCfg = Release|Any CPU
		{98D28C90-56F8-96F6-648D-84DD2D7A97DE}.Release|Any CPU.Build.0 = Release|Any CPU
		{8E4F0194-2D8B-A6D5-BB81-E0219DF14A69}.Debug|Any CPU.ActiveCfg = Debug|Any CPU
		{8E4F0194-2D8B-A6D5-BB81-E0219DF14A69}.Debug|Any CPU.Build.0 = Debug|Any CPU
		{8E4F0194-2D8B-A6D5-BB81-E0219DF14A69}.Release|Any CPU.ActiveCfg = Release|Any CPU
		{8E4F0194-2D8B-A6D5-BB81-E0219DF14A69}.Release|Any CPU.Build.0 = Release|Any CPU
		{B31554C6-4279-C918-4EDA-5AD2ED6F6F22}.Debug|Any CPU.ActiveCfg = Debug|Any CPU
		{B31554C6-4279-C918-4EDA-5AD2ED6F6F22}.Debug|Any CPU.Build.0 = Debug|Any CPU
		{B31554C6-4279-C918-4EDA-5AD2ED6F6F22}.Release|Any CPU.ActiveCfg = Release|Any CPU
		{B31554C6-4279-C918-4EDA-5AD2ED6F6F22}.Release|Any CPU.Build.0 = Release|Any CPU
		{7D6E2C26-FF3C-3320-9E8D-634F4DA24433}.Debug|Any CPU.ActiveCfg = Debug|Any CPU
		{7D6E2C26-FF3C-3320-9E8D-634F4DA24433}.Debug|Any CPU.Build.0 = Debug|Any CPU
		{7D6E2C26-FF3C-3320-9E8D-634F4DA24433}.Release|Any CPU.ActiveCfg = Release|Any CPU
		{7D6E2C26-FF3C-3320-9E8D-634F4DA24433}.Release|Any CPU.Build.0 = Release|Any CPU
		{62678F04-79DF-6E57-608B-EA3D0045944B}.Debug|Any CPU.ActiveCfg = Debug|Any CPU
		{62678F04-79DF-6E57-608B-EA3D0045944B}.Debug|Any CPU.Build.0 = Debug|Any CPU
		{62678F04-79DF-6E57-608B-EA3D0045944B}.Release|Any CPU.ActiveCfg = Release|Any CPU
		{62678F04-79DF-6E57-608B-EA3D0045944B}.Release|Any CPU.Build.0 = Release|Any CPU
		{685E7C02-6A06-319F-F327-CD414CB8AEA6}.Debug|Any CPU.ActiveCfg = Debug|Any CPU
		{685E7C02-6A06-319F-F327-CD414CB8AEA6}.Debug|Any CPU.Build.0 = Debug|Any CPU
		{685E7C02-6A06-319F-F327-CD414CB8AEA6}.Release|Any CPU.ActiveCfg = Release|Any CPU
		{685E7C02-6A06-319F-F327-CD414CB8AEA6}.Release|Any CPU.Build.0 = Release|Any CPU
		{9F2BE5F4-8642-E639-05E0-C1649F079D2B}.Debug|Any CPU.ActiveCfg = Debug|Any CPU
		{9F2BE5F4-8642-E639-05E0-C1649F079D2B}.Debug|Any CPU.Build.0 = Debug|Any CPU
		{9F2BE5F4-8642-E639-05E0-C1649F079D2B}.Release|Any CPU.ActiveCfg = Release|Any CPU
		{9F2BE5F4-8642-E639-05E0-C1649F079D2B}.Release|Any CPU.Build.0 = Release|Any CPU
		{CCF39040-416D-1D34-B1FC-71BAACD05396}.Debug|Any CPU.ActiveCfg = Debug|Any CPU
		{CCF39040-416D-1D34-B1FC-71BAACD05396}.Debug|Any CPU.Build.0 = Debug|Any CPU
		{CCF39040-416D-1D34-B1FC-71BAACD05396}.Release|Any CPU.ActiveCfg = Release|Any CPU
		{CCF39040-416D-1D34-B1FC-71BAACD05396}.Release|Any CPU.Build.0 = Release|Any CPU
		{A6932EA0-F197-BF75-3C5C-6B148336AB20}.Debug|Any CPU.ActiveCfg = Debug|Any CPU
		{A6932EA0-F197-BF75-3C5C-6B148336AB20}.Debug|Any CPU.Build.0 = Debug|Any CPU
		{A6932EA0-F197-BF75-3C5C-6B148336AB20}.Release|Any CPU.ActiveCfg = Release|Any CPU
		{A6932EA0-F197-BF75-3C5C-6B148336AB20}.Release|Any CPU.Build.0 = Release|Any CPU
		{14783342-1C84-3AC6-942A-52C202C9BE73}.Debug|Any CPU.ActiveCfg = Debug|Any CPU
		{14783342-1C84-3AC6-942A-52C202C9BE73}.Debug|Any CPU.Build.0 = Debug|Any CPU
		{14783342-1C84-3AC6-942A-52C202C9BE73}.Release|Any CPU.ActiveCfg = Release|Any CPU
		{14783342-1C84-3AC6-942A-52C202C9BE73}.Release|Any CPU.Build.0 = Release|Any CPU
		{88AAF144-47A8-DAB1-88EF-C9CDCBA1EF10}.Debug|Any CPU.ActiveCfg = Debug|Any CPU
		{88AAF144-47A8-DAB1-88EF-C9CDCBA1EF10}.Debug|Any CPU.Build.0 = Debug|Any CPU
		{88AAF144-47A8-DAB1-88EF-C9CDCBA1EF10}.Release|Any CPU.ActiveCfg = Release|Any CPU
		{88AAF144-47A8-DAB1-88EF-C9CDCBA1EF10}.Release|Any CPU.Build.0 = Release|Any CPU
		{483A696A-BF3D-60AA-3555-263E9500A61F}.Debug|Any CPU.ActiveCfg = Debug|Any CPU
		{483A696A-BF3D-60AA-3555-263E9500A61F}.Debug|Any CPU.Build.0 = Debug|Any CPU
		{483A696A-BF3D-60AA-3555-263E9500A61F}.Release|Any CPU.ActiveCfg = Release|Any CPU
		{483A696A-BF3D-60AA-3555-263E9500A61F}.Release|Any CPU.Build.0 = Release|Any CPU
		{89CC425C-0A4B-20C0-AEB1-C618F8810157}.Debug|Any CPU.ActiveCfg = Debug|Any CPU
		{89CC425C-0A4B-20C0-AEB1-C618F8810157}.Debug|Any CPU.Build.0 = Debug|Any CPU
		{89CC425C-0A4B-20C0-AEB1-C618F8810157}.Release|Any CPU.ActiveCfg = Release|Any CPU
		{89CC425C-0A4B-20C0-AEB1-C618F8810157}.Release|Any CPU.Build.0 = Release|Any CPU
		{5446AC55-CFC3-1242-9D1D-D6463B4344B8}.Debug|Any CPU.ActiveCfg = Debug|Any CPU
		{5446AC55-CFC3-1242-9D1D-D6463B4344B8}.Debug|Any CPU.Build.0 = Debug|Any CPU
		{5446AC55-CFC3-1242-9D1D-D6463B4344B8}.Release|Any CPU.ActiveCfg = Release|Any CPU
		{5446AC55-CFC3-1242-9D1D-D6463B4344B8}.Release|Any CPU.Build.0 = Release|Any CPU
	EndGlobalSection
	GlobalSection(SolutionProperties) = preSolution
		HideSolutionNode = FALSE
	EndGlobalSection
EndGlobal
